
Microsoft Visual Studio Solution File, Format Version 12.00
# Visual Studio Version 17
VisualStudioVersion = 17.10.35027.167
MinimumVisualStudioVersion = 10.0.40219.1
Project("{FAE04EC0-301F-11D3-BF4B-00C04F79EFBC}") = "NunesSports.Server", "NunesSports.Server\NunesSports.Server.csproj", "{0F61A287-4179-453E-B7C9-E09B5672DF8F}"
EndProject
Project("{54A90642-561A-4BB1-A94E-469ADEE60C69}") = "nunessports.client", "nunessports.client\nunessports.client.esproj", "{AD68C877-0DB9-4D55-91B9-79112C3C0615}"
EndProject
Global
	GlobalSection(SolutionConfigurationPlatforms) = preSolution
		Debug|Any CPU = Debug|Any CPU
		Release|Any CPU = Release|Any CPU
	EndGlobalSection
	GlobalSection(ProjectConfigurationPlatforms) = postSolution
		{0F61A287-4179-453E-B7C9-E09B5672DF8F}.Debug|Any CPU.ActiveCfg = Debug|Any CPU
		{0F61A287-4179-453E-B7C9-E09B5672DF8F}.Debug|Any CPU.Build.0 = Debug|Any CPU
		{0F61A287-4179-453E-B7C9-E09B5672DF8F}.Release|Any CPU.ActiveCfg = Release|Any CPU
		{0F61A287-4179-453E-B7C9-E09B5672DF8F}.Release|Any CPU.Build.0 = Release|Any CPU
		{AD68C877-0DB9-4D55-91B9-79112C3C0615}.Debug|Any CPU.ActiveCfg = Debug|Any CPU
		{AD68C877-0DB9-4D55-91B9-79112C3C0615}.Debug|Any CPU.Build.0 = Debug|Any CPU
		{AD68C877-0DB9-4D55-91B9-79112C3C0615}.Debug|Any CPU.Deploy.0 = Debug|Any CPU
		{AD68C877-0DB9-4D55-91B9-79112C3C0615}.Release|Any CPU.ActiveCfg = Release|Any CPU
		{AD68C877-0DB9-4D55-91B9-79112C3C0615}.Release|Any CPU.Build.0 = Release|Any CPU
		{AD68C877-0DB9-4D55-91B9-79112C3C0615}.Release|Any CPU.Deploy.0 = Release|Any CPU
	EndGlobalSection
	GlobalSection(SolutionProperties) = preSolution
		HideSolutionNode = FALSE
	EndGlobalSection
	GlobalSection(ExtensibilityGlobals) = postSolution
		SolutionGuid = {83C5294C-2C36-4185-9CCE-16EE941C59EF}
	EndGlobalSection
EndGlobal
